
Microsoft Visual Studio Solution File, Format Version 12.00
# Visual Studio Version 17
VisualStudioVersion = 17.10.35013.160
MinimumVisualStudioVersion = 10.0.40219.1
Project("{FAE04EC0-301F-11D3-BF4B-00C04F79EFBC}") = "CodeFirstapproach", "CodeFirstapproach\CodeFirstapproach.csproj", "{ED0C14C9-D410-4058-80FC-0EF4A2E1505F}"
EndProject
Global
	GlobalSection(SolutionConfigurationPlatforms) = preSolution
		Debug|Any CPU = Debug|Any CPU
		Release|Any CPU = Release|Any CPU
	EndGlobalSection
	GlobalSection(ProjectConfigurationPlatforms) = postSolution
		{ED0C14C9-D410-4058-80FC-0EF4A2E1505F}.Debug|Any CPU.ActiveCfg = Debug|Any CPU
		{ED0C14C9-D410-4058-80FC-0EF4A2E1505F}.Debug|Any CPU.Build.0 = Debug|Any CPU
		{ED0C14C9-D410-4058-80FC-0EF4A2E1505F}.Release|Any CPU.ActiveCfg = Release|Any CPU
		{ED0C14C9-D410-4058-80FC-0EF4A2E1505F}.Release|Any CPU.Build.0 = Release|Any CPU
	EndGlobalSection
	GlobalSection(SolutionProperties) = preSolution
		HideSolutionNode = FALSE
	EndGlobalSection
	GlobalSection(ExtensibilityGlobals) = postSolution
		SolutionGuid = {23944E85-D54C-4E30-B0DD-432432EBB35A}
	EndGlobalSection
EndGlobal
